
Microsoft Visual Studio Solution File, Format Version 12.00
# Visual Studio Version 17
VisualStudioVersion = 17.0.31903.59
MinimumVisualStudioVersion = 10.0.40219.1
Project("{2150E333-8FDC-42A3-9474-1A3956D46DE8}") = "src", "src", "{827E0CD3-B72D-47B6-A68D-7590B98EB39B}"
EndProject
Project("{FAE04EC0-301F-11D3-BF4B-00C04F79EFBC}") = "FaderBridge", "src\FaderBridge\FaderBridge.csproj", "{69FE00F0-8A36-4839-A583-7D00D845ACAA}"
EndProject
Project("{2150E333-8FDC-42A3-9474-1A3956D46DE8}") = "diagnostics", "diagnostics", "{104D6D83-5915-BAB6-8369-38FF5955A492}"
EndProject
Project("{FAE04EC0-301F-11D3-BF4B-00C04F79EFBC}") = "MidiMonitor", "diagnostics\MidiMonitor\MidiMonitor.csproj", "{0B8E1130-2909-4549-899A-3D946EC93206}"
EndProject
Project("{FAE04EC0-301F-11D3-BF4B-00C04F79EFBC}") = "OscPing", "diagnostics\OscPing\OscPing.csproj", "{0EA9E983-EBE2-42D1-B940-D99D90EC9B98}"
EndProject
Project("{FAE04EC0-301F-11D3-BF4B-00C04F79EFBC}") = "BridgeSelfTest", "diagnostics\BridgeSelfTest\BridgeSelfTest.csproj", "{B85B0DF9-7B5E-4C92-8666-CB20396CFFF8}"
EndProject
Global
	GlobalSection(SolutionConfigurationPlatforms) = preSolution
		Debug|Any CPU = Debug|Any CPU
		Debug|x64 = Debug|x64
		Debug|x86 = Debug|x86
		Release|Any CPU = Release|Any CPU
		Release|x64 = Release|x64
		Release|x86 = Release|x86
	EndGlobalSection
	GlobalSection(ProjectConfigurationPlatforms) = postSolution
		{69FE00F0-8A36-4839-A583-7D00D845ACAA}.Debug|Any CPU.ActiveCfg = Debug|Any CPU
		{69FE00F0-8A36-4839-A583-7D00D845ACAA}.Debug|Any CPU.Build.0 = Debug|Any CPU
		{69FE00F0-8A36-4839-A583-7D00D845ACAA}.Debug|x64.ActiveCfg = Debug|Any CPU
		{69FE00F0-8A36-4839-A583-7D00D845ACAA}.Debug|x64.Build.0 = Debug|Any CPU
		{69FE00F0-8A36-4839-A583-7D00D845ACAA}.Debug|x86.ActiveCfg = Debug|Any CPU
		{69FE00F0-8A36-4839-A583-7D00D845ACAA}.Debug|x86.Build.0 = Debug|Any CPU
		{69FE00F0-8A36-4839-A583-7D00D845ACAA}.Release|Any CPU.ActiveCfg = Release|Any CPU
		{69FE00F0-8A36-4839-A583-7D00D845ACAA}.Release|Any CPU.Build.0 = Release|Any CPU
		{69FE00F0-8A36-4839-A583-7D00D845ACAA}.Release|x64.ActiveCfg = Release|Any CPU
		{69FE00F0-8A36-4839-A583-7D00D845ACAA}.Release|x64.Build.0 = Release|Any CPU
		{69FE00F0-8A36-4839-A583-7D00D845ACAA}.Release|x86.ActiveCfg = Release|Any CPU
		{69FE00F0-8A36-4839-A583-7D00D845ACAA}.Release|x86.Build.0 = Release|Any CPU
		{0B8E1130-2909-4549-899A-3D946EC93206}.Debug|Any CPU.ActiveCfg = Debug|Any CPU
		{0B8E1130-2909-4549-899A-3D946EC93206}.Debug|Any CPU.Build.0 = Debug|Any CPU
		{0B8E1130-2909-4549-899A-3D946EC93206}.Debug|x64.ActiveCfg = Debug|Any CPU
		{0B8E1130-2909-4549-899A-3D946EC93206}.Debug|x64.Build.0 = Debug|Any CPU
		{0B8E1130-2909-4549-899A-3D946EC93206}.Debug|x86.ActiveCfg = Debug|Any CPU
		{0B8E1130-2909-4549-899A-3D946EC93206}.Debug|x86.Build.0 = Debug|Any CPU
		{0B8E1130-2909-4549-899A-3D946EC93206}.Release|Any CPU.ActiveCfg = Release|Any CPU
		{0B8E1130-2909-4549-899A-3D946EC93206}.Release|Any CPU.Build.0 = Release|Any CPU
		{0B8E1130-2909-4549-899A-3D946EC93206}.Release|x64.ActiveCfg = Release|Any CPU
		{0B8E1130-2909-4549-899A-3D946EC93206}.Release|x64.Build.0 = Release|Any CPU
		{0B8E1130-2909-4549-899A-3D946EC93206}.Release|x86.ActiveCfg = Release|Any CPU
		{0B8E1130-2909-4549-899A-3D946EC93206}.Release|x86.Build.0 = Release|Any CPU
		{0EA9E983-EBE2-42D1-B940-D99D90EC9B98}.Debug|Any CPU.ActiveCfg = Debug|Any CPU
		{0EA9E983-EBE2-42D1-B940-D99D90EC9B98}.Debug|Any CPU.Build.0 = Debug|Any CPU
		{0EA9E983-EBE2-42D1-B940-D99D90EC9B98}.Debug|x64.ActiveCfg = Debug|Any CPU
		{0EA9E983-EBE2-42D1-B940-D99D90EC9B98}.Debug|x64.Build.0 = Debug|Any CPU
		{0EA9E983-EBE2-42D1-B940-D99D90EC9B98}.Debug|x86.ActiveCfg = Debug|Any CPU
		{0EA9E983-EBE2-42D1-B940-D99D90EC9B98}.Debug|x86.Build.0 = Debug|Any CPU
		{0EA9E983-EBE2-42D1-B940-D99D90EC9B98}.Release|Any CPU.ActiveCfg = Release|Any CPU
		{0EA9E983-EBE2-42D1-B940-D99D90EC9B98}.Release|Any CPU.Build.0 = Release|Any CPU
		{0EA9E983-EBE2-42D1-B940-D99D90EC9B98}.Release|x64.ActiveCfg = Release|Any CPU
		{0EA9E983-EBE2-42D1-B940-D99D90EC9B98}.Release|x64.Build.0 = Release|Any CPU
		{0EA9E983-EBE2-42D1-B940-D99D90EC9B98}.Release|x86.ActiveCfg = Release|Any CPU
		{0EA9E983-EBE2-42D1-B940-D99D90EC9B98}.Release|x86.Build.0 = Release|Any CPU
		{B85B0DF9-7B5E-4C92-8666-CB20396CFFF8}.Debug|Any CPU.ActiveCfg = Debug|Any CPU
		{B85B0DF9-7B5E-4C92-8666-CB20396CFFF8}.Debug|Any CPU.Build.0 = Debug|Any CPU
		{B85B0DF9-7B5E-4C92-8666-CB20396CFFF8}.Debug|x64.ActiveCfg = Debug|Any CPU
		{B85B0DF9-7B5E-4C92-8666-CB20396CFFF8}.Debug|x64.Build.0 = Debug|Any CPU
		{B85B0DF9-7B5E-4C92-8666-CB20396CFFF8}.Debug|x86.ActiveCfg = Debug|Any CPU
		{B85B0DF9-7B5E-4C92-8666-CB20396CFFF8}.Debug|x86.Build.0 = Debug|Any CPU
		{B85B0DF9-7B5E-4C92-8666-CB20396CFFF8}.Release|Any CPU.ActiveCfg = Release|Any CPU
		{B85B0DF9-7B5E-4C92-8666-CB20396CFFF8}.Release|Any CPU.Build.0 = Release|Any CPU
		{B85B0DF9-7B5E-4C92-8666-CB20396CFFF8}.Release|x64.ActiveCfg = Release|Any CPU
		{B85B0DF9-7B5E-4C92-8666-CB20396CFFF8}.Release|x64.Build.0 = Release|Any CPU
		{B85B0DF9-7B5E-4C92-8666-CB20396CFFF8}.Release|x86.ActiveCfg = Release|Any CPU
		{B85B0DF9-7B5E-4C92-8666-CB20396CFFF8}.Release|x86.Build.0 = Release|Any CPU
	EndGlobalSection
	GlobalSection(SolutionProperties) = preSolution
		HideSolutionNode = FALSE
	EndGlobalSection
	GlobalSection(NestedProjects) = preSolution
		{69FE00F0-8A36-4839-A583-7D00D845ACAA} = {827E0CD3-B72D-47B6-A68D-7590B98EB39B}
		{0B8E1130-2909-4549-899A-3D946EC93206} = {104D6D83-5915-BAB6-8369-38FF5955A492}
		{0EA9E983-EBE2-42D1-B940-D99D90EC9B98} = {104D6D83-5915-BAB6-8369-38FF5955A492}
		{B85B0DF9-7B5E-4C92-8666-CB20396CFFF8} = {104D6D83-5915-BAB6-8369-38FF5955A492}
	EndGlobalSection
EndGlobal
